
Microsoft Visual Studio Solution File, Format Version 12.00
# Visual Studio Version 17
VisualStudioVersion = 17.10.35013.160
MinimumVisualStudioVersion = 10.0.40219.1
Project("{FAE04EC0-301F-11D3-BF4B-00C04F79EFBC}") = "Data", "src\Data\Data.csproj", "{A8FF5B15-24FD-466B-9FEC-141F34FFEEF4}"
EndProject
Project("{FAE04EC0-301F-11D3-BF4B-00C04F79EFBC}") = "Business", "src\Business\Business.csproj", "{8A2C0F7C-D1FC-4B2A-8D54-6C0A3AF00AAE}"
EndProject
Project("{FAE04EC0-301F-11D3-BF4B-00C04F79EFBC}") = "API", "src\API\API.csproj", "{7D48E031-33E4-4366-8A3B-94B7BC9C7A15}"
EndProject
Global
	GlobalSection(SolutionConfigurationPlatforms) = preSolution
		Debug|Any CPU = Debug|Any CPU
		Release|Any CPU = Release|Any CPU
	EndGlobalSection
	GlobalSection(ProjectConfigurationPlatforms) = postSolution
		{A8FF5B15-24FD-466B-9FEC-141F34FFEEF4}.Debug|Any CPU.ActiveCfg = Debug|Any CPU
		{A8FF5B15-24FD-466B-9FEC-141F34FFEEF4}.Debug|Any CPU.Build.0 = Debug|Any CPU
		{A8FF5B15-24FD-466B-9FEC-141F34FFEEF4}.Release|Any CPU.ActiveCfg = Release|Any CPU
		{A8FF5B15-24FD-466B-9FEC-141F34FFEEF4}.Release|Any CPU.Build.0 = Release|Any CPU
		{8A2C0F7C-D1FC-4B2A-8D54-6C0A3AF00AAE}.Debug|Any CPU.ActiveCfg = Debug|Any CPU
		{8A2C0F7C-D1FC-4B2A-8D54-6C0A3AF00AAE}.Debug|Any CPU.Build.0 = Debug|Any CPU
		{8A2C0F7C-D1FC-4B2A-8D54-6C0A3AF00AAE}.Release|Any CPU.ActiveCfg = Release|Any CPU
		{8A2C0F7C-D1FC-4B2A-8D54-6C0A3AF00AAE}.Release|Any CPU.Build.0 = Release|Any CPU
		{7D48E031-33E4-4366-8A3B-94B7BC9C7A15}.Debug|Any CPU.ActiveCfg = Debug|Any CPU
		{7D48E031-33E4-4366-8A3B-94B7BC9C7A15}.Debug|Any CPU.Build.0 = Debug|Any CPU
		{7D48E031-33E4-4366-8A3B-94B7BC9C7A15}.Release|Any CPU.ActiveCfg = Release|Any CPU
		{7D48E031-33E4-4366-8A3B-94B7BC9C7A15}.Release|Any CPU.Build.0 = Release|Any CPU
	EndGlobalSection
	GlobalSection(SolutionProperties) = preSolution
		HideSolutionNode = FALSE
	EndGlobalSection
	GlobalSection(ExtensibilityGlobals) = postSolution
		SolutionGuid = {93F32185-36B8-47F2-8D61-5ABDAAFCAEE2}
	EndGlobalSection
EndGlobal
